
Microsoft Visual Studio Solution File, Format Version 12.00
# Visual Studio Version 17
VisualStudioVersion = 17.12.35521.163 d17.12
MinimumVisualStudioVersion = 10.0.40219.1
Project("{8BC9CEB8-8B4A-11D0-8D11-00A0C91BC942}") = "PG3_04_State", "PG3_04_State.vcxproj", "{7B610622-7210-48E9-AD6F-C14079DB08EA}"
EndProject
Global
	GlobalSection(SolutionConfigurationPlatforms) = preSolution
		Debug|x64 = Debug|x64
		Release|x64 = Release|x64
	EndGlobalSection
	GlobalSection(ProjectConfigurationPlatforms) = postSolution
		{7B610622-7210-48E9-AD6F-C14079DB08EA}.Debug|x64.ActiveCfg = Debug|x64
		{7B610622-7210-48E9-AD6F-C14079DB08EA}.Debug|x64.Build.0 = Debug|x64
		{7B610622-7210-48E9-AD6F-C14079DB08EA}.Release|x64.ActiveCfg = Release|x64
		{7B610622-7210-48E9-AD6F-C14079DB08EA}.Release|x64.Build.0 = Release|x64
	EndGlobalSection
	GlobalSection(SolutionProperties) = preSolution
		HideSolutionNode = FALSE
	EndGlobalSection
EndGlobal
